
Microsoft Visual Studio Solution File, Format Version 12.00
# Visual Studio 14
VisualStudioVersion = 14.0.24720.0
MinimumVisualStudioVersion = 10.0.40219.1
Project("{FAE04EC0-301F-11D3-BF4B-00C04F79EFBC}") = "Calculator", "Calculator\Calculator.csproj", "{C8610281-034B-49A5-AB1C-563B7B447A98}"
EndProject
Project("{FAE04EC0-301F-11D3-BF4B-00C04F79EFBC}") = "CalculatorTests", "CalculatorTests\CalculatorTests.csproj", "{C2E7BB47-6B34-439F-B744-BE8ADD70DF01}"
EndProject
Global
	GlobalSection(SolutionConfigurationPlatforms) = preSolution
		Debug|Any CPU = Debug|Any CPU
		Release|Any CPU = Release|Any CPU
	EndGlobalSection
	GlobalSection(ProjectConfigurationPlatforms) = postSolution
		{C8610281-034B-49A5-AB1C-563B7B447A98}.Debug|Any CPU.ActiveCfg = Debug|Any CPU
		{C8610281-034B-49A5-AB1C-563B7B447A98}.Debug|Any CPU.Build.0 = Debug|Any CPU
		{C8610281-034B-49A5-AB1C-563B7B447A98}.Release|Any CPU.ActiveCfg = Release|Any CPU
		{C8610281-034B-49A5-AB1C-563B7B447A98}.Release|Any CPU.Build.0 = Release|Any CPU
		{C2E7BB47-6B34-439F-B744-BE8ADD70DF01}.Debug|Any CPU.ActiveCfg = Debug|Any CPU
		{C2E7BB47-6B34-439F-B744-BE8ADD70DF01}.Debug|Any CPU.Build.0 = Debug|Any CPU
		{C2E7BB47-6B34-439F-B744-BE8ADD70DF01}.Release|Any CPU.ActiveCfg = Release|Any CPU
		{C2E7BB47-6B34-439F-B744-BE8ADD70DF01}.Release|Any CPU.Build.0 = Release|Any CPU
	EndGlobalSection
	GlobalSection(SolutionProperties) = preSolution
		HideSolutionNode = FALSE
	EndGlobalSection
EndGlobal
